
Microsoft Visual Studio Solution File, Format Version 12.00
# Visual Studio Version 18
VisualStudioVersion = 18.0.11121.172 d18.0
MinimumVisualStudioVersion = 10.0.40219.1
Project("{2150E333-8FDC-42A3-9474-1A3956D46DE8}") = "Source", "Source", "{02EA681E-C7D8-13C7-8484-4AC65E1B71E8}"
EndProject
Project("{2150E333-8FDC-42A3-9474-1A3956D46DE8}") = "Presentation", "Presentation", "{458089BF-735A-41FC-B4C0-50EFA102ECB3}"
EndProject
Project("{2150E333-8FDC-42A3-9474-1A3956D46DE8}") = "Core", "Core", "{D45B5CC6-0D7F-4568-8899-4AA12EE20CDE}"
EndProject
Project("{2150E333-8FDC-42A3-9474-1A3956D46DE8}") = "Infrastructure", "Infrastructure", "{DAECE477-9FFA-4B1B-A00B-6BEAAF226425}"
EndProject
Project("{2150E333-8FDC-42A3-9474-1A3956D46DE8}") = "Core.Aplication", "Core.Aplication", "{C7934D4B-EA2C-4F67-8C62-5060AC44079D}"
EndProject
Project("{2150E333-8FDC-42A3-9474-1A3956D46DE8}") = "Core.Domain", "Core.Domain", "{AB7FE942-488B-4C88-8C73-2E49EA47F2B8}"
EndProject
Project("{2150E333-8FDC-42A3-9474-1A3956D46DE8}") = "Infrastructure.Identity", "Infrastructure.Identity", "{C78532B4-423B-4B1F-990F-977E592406DA}"
EndProject
Project("{2150E333-8FDC-42A3-9474-1A3956D46DE8}") = "Infrastructure.Persistence", "Infrastructure.Persistence", "{0855F937-246E-4C89-931F-6F0CFEDCB8F7}"
EndProject
Project("{2150E333-8FDC-42A3-9474-1A3956D46DE8}") = "Infrastructure.Shared", "Infrastructure.Shared", "{700AE46B-4315-4927-85A5-E9BD18316747}"
EndProject
Project("{2150E333-8FDC-42A3-9474-1A3956D46DE8}") = "Presentation.WebApp", "Presentation.WebApp", "{7EC389AB-1C2D-4B0E-A503-AA4BF5F2427F}"
EndProject
Project("{2150E333-8FDC-42A3-9474-1A3956D46DE8}") = "Solution Items", "Solution Items", "{8EC462FD-D22E-90A8-E5CE-7E832BA40C5D}"
	ProjectSection(SolutionItems) = preProject
		.gitignore = .gitignore
	EndProjectSection
EndProject
Project("{FAE04EC0-301F-11D3-BF4B-00C04F79EFBC}") = "Sis_Inmobilaria.WebApp", "Sis_Inmobilaria.WebApp\Sis_Inmobilaria.WebApp.csproj", "{231895B3-4753-4E15-B23C-BC83088A2100}"
EndProject
Project("{FAE04EC0-301F-11D3-BF4B-00C04F79EFBC}") = "Sis_Inmobiliaria.Core.Application", "ClassLibrary1\Sis_Inmobiliaria.Core.Application.csproj", "{88AEFE0B-BCC3-491E-9B91-477952ECD310}"
EndProject
Project("{FAE04EC0-301F-11D3-BF4B-00C04F79EFBC}") = "Sis_Inmobiliaria.Core.Domain", "ClassLibrary2\Sis_Inmobiliaria.Core.Domain.csproj", "{3D071ABC-ED8C-49B1-9D81-5A97639D1318}"
EndProject
Project("{FAE04EC0-301F-11D3-BF4B-00C04F79EFBC}") = "Sis_Inmobiliaria.Infrastructure.Identity", "ClassLibrary3\Sis_Inmobiliaria.Infrastructure.Identity.csproj", "{21BB0B54-689B-450D-AD9B-F3FD5A900F30}"
EndProject
Project("{FAE04EC0-301F-11D3-BF4B-00C04F79EFBC}") = "Sis_Inmobiliaria.Infrastructure.Persistence", "ClassLibrary4\Sis_Inmobiliaria.Infrastructure.Persistence.csproj", "{FD59C1C1-421E-4018-B095-63A86B461C64}"
EndProject
Project("{FAE04EC0-301F-11D3-BF4B-00C04F79EFBC}") = "Sis_Inmobiliaria.Infrastructure.Shared", "ClassLibrary5\Sis_Inmobiliaria.Infrastructure.Shared.csproj", "{32CAC7A3-ACF2-4D5E-BD6F-F7E67C3DF176}"
EndProject
Global
	GlobalSection(SolutionConfigurationPlatforms) = preSolution
		Debug|Any CPU = Debug|Any CPU
		Release|Any CPU = Release|Any CPU
	EndGlobalSection
	GlobalSection(ProjectConfigurationPlatforms) = postSolution
		{231895B3-4753-4E15-B23C-BC83088A2100}.Debug|Any CPU.ActiveCfg = Debug|Any CPU
		{231895B3-4753-4E15-B23C-BC83088A2100}.Debug|Any CPU.Build.0 = Debug|Any CPU
		{231895B3-4753-4E15-B23C-BC83088A2100}.Release|Any CPU.ActiveCfg = Release|Any CPU
		{231895B3-4753-4E15-B23C-BC83088A2100}.Release|Any CPU.Build.0 = Release|Any CPU
		{88AEFE0B-BCC3-491E-9B91-477952ECD310}.Debug|Any CPU.ActiveCfg = Debug|Any CPU
		{88AEFE0B-BCC3-491E-9B91-477952ECD310}.Debug|Any CPU.Build.0 = Debug|Any CPU
		{88AEFE0B-BCC3-491E-9B91-477952ECD310}.Release|Any CPU.ActiveCfg = Release|Any CPU
		{88AEFE0B-BCC3-491E-9B91-477952ECD310}.Release|Any CPU.Build.0 = Release|Any CPU
		{3D071ABC-ED8C-49B1-9D81-5A97639D1318}.Debug|Any CPU.ActiveCfg = Debug|Any CPU
		{3D071ABC-ED8C-49B1-9D81-5A97639D1318}.Debug|Any CPU.Build.0 = Debug|Any CPU
		{3D071ABC-ED8C-49B1-9D81-5A97639D1318}.Release|Any CPU.ActiveCfg = Release|Any CPU
		{3D071ABC-ED8C-49B1-9D81-5A97639D1318}.Release|Any CPU.Build.0 = Release|Any CPU
		{21BB0B54-689B-450D-AD9B-F3FD5A900F30}.Debug|Any CPU.ActiveCfg = Debug|Any CPU
		{21BB0B54-689B-450D-AD9B-F3FD5A900F30}.Debug|Any CPU.Build.0 = Debug|Any CPU
		{21BB0B54-689B-450D-AD9B-F3FD5A900F30}.Release|Any CPU.ActiveCfg = Release|Any CPU
		{21BB0B54-689B-450D-AD9B-F3FD5A900F30}.Release|Any CPU.Build.0 = Release|Any CPU
		{FD59C1C1-421E-4018-B095-63A86B461C64}.Debug|Any CPU.ActiveCfg = Debug|Any CPU
		{FD59C1C1-421E-4018-B095-63A86B461C64}.Debug|Any CPU.Build.0 = Debug|Any CPU
		{FD59C1C1-421E-4018-B095-63A86B461C64}.Release|Any CPU.ActiveCfg = Release|Any CPU
		{FD59C1C1-421E-4018-B095-63A86B461C64}.Release|Any CPU.Build.0 = Release|Any CPU
		{32CAC7A3-ACF2-4D5E-BD6F-F7E67C3DF176}.Debug|Any CPU.ActiveCfg = Debug|Any CPU
		{32CAC7A3-ACF2-4D5E-BD6F-F7E67C3DF176}.Debug|Any CPU.Build.0 = Debug|Any CPU
		{32CAC7A3-ACF2-4D5E-BD6F-F7E67C3DF176}.Release|Any CPU.ActiveCfg = Release|Any CPU
		{32CAC7A3-ACF2-4D5E-BD6F-F7E67C3DF176}.Release|Any CPU.Build.0 = Release|Any CPU
	EndGlobalSection
	GlobalSection(SolutionProperties) = preSolution
		HideSolutionNode = FALSE
	EndGlobalSection
	GlobalSection(NestedProjects) = preSolution
		{458089BF-735A-41FC-B4C0-50EFA102ECB3} = {02EA681E-C7D8-13C7-8484-4AC65E1B71E8}
		{D45B5CC6-0D7F-4568-8899-4AA12EE20CDE} = {02EA681E-C7D8-13C7-8484-4AC65E1B71E8}
		{DAECE477-9FFA-4B1B-A00B-6BEAAF226425} = {02EA681E-C7D8-13C7-8484-4AC65E1B71E8}
		{C7934D4B-EA2C-4F67-8C62-5060AC44079D} = {D45B5CC6-0D7F-4568-8899-4AA12EE20CDE}
		{AB7FE942-488B-4C88-8C73-2E49EA47F2B8} = {D45B5CC6-0D7F-4568-8899-4AA12EE20CDE}
		{C78532B4-423B-4B1F-990F-977E592406DA} = {DAECE477-9FFA-4B1B-A00B-6BEAAF226425}
		{0855F937-246E-4C89-931F-6F0CFEDCB8F7} = {DAECE477-9FFA-4B1B-A00B-6BEAAF226425}
		{700AE46B-4315-4927-85A5-E9BD18316747} = {DAECE477-9FFA-4B1B-A00B-6BEAAF226425}
		{7EC389AB-1C2D-4B0E-A503-AA4BF5F2427F} = {458089BF-735A-41FC-B4C0-50EFA102ECB3}
		{231895B3-4753-4E15-B23C-BC83088A2100} = {7EC389AB-1C2D-4B0E-A503-AA4BF5F2427F}
		{88AEFE0B-BCC3-491E-9B91-477952ECD310} = {C7934D4B-EA2C-4F67-8C62-5060AC44079D}
		{3D071ABC-ED8C-49B1-9D81-5A97639D1318} = {AB7FE942-488B-4C88-8C73-2E49EA47F2B8}
		{21BB0B54-689B-450D-AD9B-F3FD5A900F30} = {C78532B4-423B-4B1F-990F-977E592406DA}
		{FD59C1C1-421E-4018-B095-63A86B461C64} = {0855F937-246E-4C89-931F-6F0CFEDCB8F7}
		{32CAC7A3-ACF2-4D5E-BD6F-F7E67C3DF176} = {700AE46B-4315-4927-85A5-E9BD18316747}
	EndGlobalSection
	GlobalSection(ExtensibilityGlobals) = postSolution
		SolutionGuid = {1D78B28E-7048-484D-874F-05F54CC8BB63}
	EndGlobalSection
EndGlobal
