
Microsoft Visual Studio Solution File, Format Version 12.00
# Visual Studio Version 17
VisualStudioVersion = 17.14.36616.10 d17.14
MinimumVisualStudioVersion = 10.0.40219.1
Project("{FAE04EC0-301F-11D3-BF4B-00C04F79EFBC}") = "P3_ACOSTA_SIS_INMOBILARIA", "P3_ACOSTA_SIS_INMOBILARIA.csproj", "{D826A4B6-CC46-44DD-9E61-5AF7FB1C745C}"
EndProject
Project("{2150E333-8FDC-42A3-9474-1A3956D46DE8}") = "Source", "Source", "{02EA681E-C7D8-13C7-8484-4AC65E1B71E8}"
EndProject
Project("{2150E333-8FDC-42A3-9474-1A3956D46DE8}") = "Presentation", "Presentation", "{458089BF-735A-41FC-B4C0-50EFA102ECB3}"
EndProject
Project("{2150E333-8FDC-42A3-9474-1A3956D46DE8}") = "Core", "Core", "{D45B5CC6-0D7F-4568-8899-4AA12EE20CDE}"
EndProject
Project("{2150E333-8FDC-42A3-9474-1A3956D46DE8}") = "Infrastructure", "Infrastructure", "{DAECE477-9FFA-4B1B-A00B-6BEAAF226425}"
EndProject
Project("{2150E333-8FDC-42A3-9474-1A3956D46DE8}") = "Core.Aplication", "Core.Aplication", "{C7934D4B-EA2C-4F67-8C62-5060AC44079D}"
EndProject
Project("{2150E333-8FDC-42A3-9474-1A3956D46DE8}") = "Core.Domain", "Core.Domain", "{AB7FE942-488B-4C88-8C73-2E49EA47F2B8}"
EndProject
Project("{2150E333-8FDC-42A3-9474-1A3956D46DE8}") = "Infrastructure.Identity", "Infrastructure.Identity", "{C78532B4-423B-4B1F-990F-977E592406DA}"
EndProject
Project("{2150E333-8FDC-42A3-9474-1A3956D46DE8}") = "Infrastructure.Persistence", "Infrastructure.Persistence", "{0855F937-246E-4C89-931F-6F0CFEDCB8F7}"
EndProject
Project("{2150E333-8FDC-42A3-9474-1A3956D46DE8}") = "Infrastructure.Shared", "Infrastructure.Shared", "{700AE46B-4315-4927-85A5-E9BD18316747}"
EndProject
Project("{2150E333-8FDC-42A3-9474-1A3956D46DE8}") = "Presentation.WebApp", "Presentation.WebApp", "{7EC389AB-1C2D-4B0E-A503-AA4BF5F2427F}"
EndProject
Project("{FAE04EC0-301F-11D3-BF4B-00C04F79EFBC}") = "Sis_Inmobiliaria.View", "Sis_Inmobiliaria.View\Sis_Inmobiliaria.View.csproj", "{803AFF43-A9B2-48C0-8A18-3917B8460B26}"
EndProject
Project("{FAE04EC0-301F-11D3-BF4B-00C04F79EFBC}") = "Sis_Inmobiliaria.Core.Application", "..\Sis_Inmobiliaria.Core.Application\Sis_Inmobiliaria.Core.Application.csproj", "{53138CCD-6327-416E-ABFD-A8502136A488}"
EndProject
Project("{FAE04EC0-301F-11D3-BF4B-00C04F79EFBC}") = "Sis_Inmobiliaria.Core.Domain", "Sis_Inmobiliaria.Core.Domain\Sis_Inmobiliaria.Core.Domain.csproj", "{47EA2661-5B4D-4B0F-9848-EBFC80FC6311}"
EndProject
Project("{FAE04EC0-301F-11D3-BF4B-00C04F79EFBC}") = "Sis_Inmobiliaria.Infrastructure.Identity", "Sis_Inmobiliaria.Infrastructure.Identity\Sis_Inmobiliaria.Infrastructure.Identity.csproj", "{906F4D58-8F08-4B3B-A4F6-5EA89F35ECA4}"
EndProject
Project("{FAE04EC0-301F-11D3-BF4B-00C04F79EFBC}") = "Sis_Inmobiliaria.Infrastructure.Persistence", "Sis_Inmobiliaria.Infrastructure.Persistence\Sis_Inmobiliaria.Infrastructure.Persistence.csproj", "{D0803961-3BC9-432E-8568-E4101DF7BE38}"
EndProject
Project("{FAE04EC0-301F-11D3-BF4B-00C04F79EFBC}") = "Sis_Inmobiliaria.Infrastructure.Shared", "Sis_Inmobiliaria.Infrastructure.Shared\Sis_Inmobiliaria.Infrastructure.Shared.csproj", "{E1980BE6-3568-4EAE-AF1F-13CBC0619199}"
EndProject
Global
	GlobalSection(SolutionConfigurationPlatforms) = preSolution
		Debug|Any CPU = Debug|Any CPU
		Release|Any CPU = Release|Any CPU
	EndGlobalSection
	GlobalSection(ProjectConfigurationPlatforms) = postSolution
		{D826A4B6-CC46-44DD-9E61-5AF7FB1C745C}.Debug|Any CPU.ActiveCfg = Debug|Any CPU
		{D826A4B6-CC46-44DD-9E61-5AF7FB1C745C}.Debug|Any CPU.Build.0 = Debug|Any CPU
		{D826A4B6-CC46-44DD-9E61-5AF7FB1C745C}.Release|Any CPU.ActiveCfg = Release|Any CPU
		{D826A4B6-CC46-44DD-9E61-5AF7FB1C745C}.Release|Any CPU.Build.0 = Release|Any CPU
		{803AFF43-A9B2-48C0-8A18-3917B8460B26}.Debug|Any CPU.ActiveCfg = Debug|Any CPU
		{803AFF43-A9B2-48C0-8A18-3917B8460B26}.Debug|Any CPU.Build.0 = Debug|Any CPU
		{803AFF43-A9B2-48C0-8A18-3917B8460B26}.Release|Any CPU.ActiveCfg = Release|Any CPU
		{803AFF43-A9B2-48C0-8A18-3917B8460B26}.Release|Any CPU.Build.0 = Release|Any CPU
		{53138CCD-6327-416E-ABFD-A8502136A488}.Debug|Any CPU.ActiveCfg = Debug|Any CPU
		{53138CCD-6327-416E-ABFD-A8502136A488}.Debug|Any CPU.Build.0 = Debug|Any CPU
		{53138CCD-6327-416E-ABFD-A8502136A488}.Release|Any CPU.ActiveCfg = Release|Any CPU
		{53138CCD-6327-416E-ABFD-A8502136A488}.Release|Any CPU.Build.0 = Release|Any CPU
		{47EA2661-5B4D-4B0F-9848-EBFC80FC6311}.Debug|Any CPU.ActiveCfg = Debug|Any CPU
		{47EA2661-5B4D-4B0F-9848-EBFC80FC6311}.Debug|Any CPU.Build.0 = Debug|Any CPU
		{47EA2661-5B4D-4B0F-9848-EBFC80FC6311}.Release|Any CPU.ActiveCfg = Release|Any CPU
		{47EA2661-5B4D-4B0F-9848-EBFC80FC6311}.Release|Any CPU.Build.0 = Release|Any CPU
		{906F4D58-8F08-4B3B-A4F6-5EA89F35ECA4}.Debug|Any CPU.ActiveCfg = Debug|Any CPU
		{906F4D58-8F08-4B3B-A4F6-5EA89F35ECA4}.Debug|Any CPU.Build.0 = Debug|Any CPU
		{906F4D58-8F08-4B3B-A4F6-5EA89F35ECA4}.Release|Any CPU.ActiveCfg = Release|Any CPU
		{906F4D58-8F08-4B3B-A4F6-5EA89F35ECA4}.Release|Any CPU.Build.0 = Release|Any CPU
		{D0803961-3BC9-432E-8568-E4101DF7BE38}.Debug|Any CPU.ActiveCfg = Debug|Any CPU
		{D0803961-3BC9-432E-8568-E4101DF7BE38}.Debug|Any CPU.Build.0 = Debug|Any CPU
		{D0803961-3BC9-432E-8568-E4101DF7BE38}.Release|Any CPU.ActiveCfg = Release|Any CPU
		{D0803961-3BC9-432E-8568-E4101DF7BE38}.Release|Any CPU.Build.0 = Release|Any CPU
		{E1980BE6-3568-4EAE-AF1F-13CBC0619199}.Debug|Any CPU.ActiveCfg = Debug|Any CPU
		{E1980BE6-3568-4EAE-AF1F-13CBC0619199}.Debug|Any CPU.Build.0 = Debug|Any CPU
		{E1980BE6-3568-4EAE-AF1F-13CBC0619199}.Release|Any CPU.ActiveCfg = Release|Any CPU
		{E1980BE6-3568-4EAE-AF1F-13CBC0619199}.Release|Any CPU.Build.0 = Release|Any CPU
	EndGlobalSection
	GlobalSection(SolutionProperties) = preSolution
		HideSolutionNode = FALSE
	EndGlobalSection
	GlobalSection(NestedProjects) = preSolution
		{458089BF-735A-41FC-B4C0-50EFA102ECB3} = {02EA681E-C7D8-13C7-8484-4AC65E1B71E8}
		{D45B5CC6-0D7F-4568-8899-4AA12EE20CDE} = {02EA681E-C7D8-13C7-8484-4AC65E1B71E8}
		{DAECE477-9FFA-4B1B-A00B-6BEAAF226425} = {02EA681E-C7D8-13C7-8484-4AC65E1B71E8}
		{C7934D4B-EA2C-4F67-8C62-5060AC44079D} = {D45B5CC6-0D7F-4568-8899-4AA12EE20CDE}
		{AB7FE942-488B-4C88-8C73-2E49EA47F2B8} = {D45B5CC6-0D7F-4568-8899-4AA12EE20CDE}
		{C78532B4-423B-4B1F-990F-977E592406DA} = {DAECE477-9FFA-4B1B-A00B-6BEAAF226425}
		{0855F937-246E-4C89-931F-6F0CFEDCB8F7} = {DAECE477-9FFA-4B1B-A00B-6BEAAF226425}
		{700AE46B-4315-4927-85A5-E9BD18316747} = {DAECE477-9FFA-4B1B-A00B-6BEAAF226425}
		{7EC389AB-1C2D-4B0E-A503-AA4BF5F2427F} = {458089BF-735A-41FC-B4C0-50EFA102ECB3}
		{803AFF43-A9B2-48C0-8A18-3917B8460B26} = {7EC389AB-1C2D-4B0E-A503-AA4BF5F2427F}
		{53138CCD-6327-416E-ABFD-A8502136A488} = {C7934D4B-EA2C-4F67-8C62-5060AC44079D}
		{47EA2661-5B4D-4B0F-9848-EBFC80FC6311} = {AB7FE942-488B-4C88-8C73-2E49EA47F2B8}
		{906F4D58-8F08-4B3B-A4F6-5EA89F35ECA4} = {C78532B4-423B-4B1F-990F-977E592406DA}
		{D0803961-3BC9-432E-8568-E4101DF7BE38} = {0855F937-246E-4C89-931F-6F0CFEDCB8F7}
		{E1980BE6-3568-4EAE-AF1F-13CBC0619199} = {700AE46B-4315-4927-85A5-E9BD18316747}
	EndGlobalSection
	GlobalSection(ExtensibilityGlobals) = postSolution
		SolutionGuid = {1D78B28E-7048-484D-874F-05F54CC8BB63}
	EndGlobalSection
EndGlobal
